
Microsoft Visual Studio Solution File, Format Version 12.00
# Visual Studio Version 17
VisualStudioVersion = 17.4.33103.184
MinimumVisualStudioVersion = 10.0.40219.1
Project("{FAE04EC0-301F-11D3-BF4B-00C04F79EFBC}") = "ConsoleRog", "ConsoleRog.csproj", "{01349684-912D-447A-BB67-495695677DEC}"
EndProject
Global
	GlobalSection(SolutionConfigurationPlatforms) = preSolution
		Debug|Any CPU = Debug|Any CPU
		Release|Any CPU = Release|Any CPU
	EndGlobalSection
	GlobalSection(ProjectConfigurationPlatforms) = postSolution
		{01349684-912D-447A-BB67-495695677DEC}.Debug|Any CPU.ActiveCfg = Debug|Any CPU
		{01349684-912D-447A-BB67-495695677DEC}.Debug|Any CPU.Build.0 = Debug|Any CPU
		{01349684-912D-447A-BB67-495695677DEC}.Release|Any CPU.ActiveCfg = Release|Any CPU
		{01349684-912D-447A-BB67-495695677DEC}.Release|Any CPU.Build.0 = Release|Any CPU
	EndGlobalSection
	GlobalSection(SolutionProperties) = preSolution
		HideSolutionNode = FALSE
	EndGlobalSection
	GlobalSection(ExtensibilityGlobals) = postSolution
		SolutionGuid = {5CBDCD7C-FDED-4809-A4BF-F2218B945731}
	EndGlobalSection
EndGlobal
